github.com/liujiawm/gocalendar v1.1.0 h1:rDxY+NaeFAbjxtJ54B0U2Dr3Y4bzjF3BJPdlVXFhW8k=
github.com/liujiawm/gocalendar v1.1.0/go.mod h1:7k6xFVwvjZTCZVX+GGzYkYLDSg1xaY1PnjX8ZNdLAkk=
github.com/omigo/g v0.5.4 h1:uAdsV4TrgMhSKxRoZf2dfT1B/zm4WBqJMQm9xPouh04=
github.com/omigo/g v0.5.4/go.mod h1:VPwuIy95EZOZ3ym4oU3b7iCZ7AymTV6pRGPBX2Q8ut0=
